
Microsoft Visual Studio Solution File, Format Version 12.00
# Visual Studio Version 16
VisualStudioVersion = 16.0.810.17
MinimumVisualStudioVersion = 10.0.40219.1
Project("{FAE04EC0-301F-11D3-BF4B-00C04F79EFBC}") = "LiftOffProject", "LIftOffProject\LIftOffProject.csproj", "{63EB94B9-BC33-42D7-B7DB-8A5282650532}"
EndProject
Global
	GlobalSection(SolutionConfigurationPlatforms) = preSolution
		Debug|Any CPU = Debug|Any CPU
		Release|Any CPU = Release|Any CPU
	EndGlobalSection
	GlobalSection(ProjectConfigurationPlatforms) = postSolution
		{63EB94B9-BC33-42D7-B7DB-8A5282650532}.Debug|Any CPU.ActiveCfg = Debug|Any CPU
		{63EB94B9-BC33-42D7-B7DB-8A5282650532}.Debug|Any CPU.Build.0 = Debug|Any CPU
		{63EB94B9-BC33-42D7-B7DB-8A5282650532}.Release|Any CPU.ActiveCfg = Release|Any CPU
		{63EB94B9-BC33-42D7-B7DB-8A5282650532}.Release|Any CPU.Build.0 = Release|Any CPU
	EndGlobalSection
	GlobalSection(SolutionProperties) = preSolution
		HideSolutionNode = FALSE
	EndGlobalSection
	GlobalSection(ExtensibilityGlobals) = postSolution
		SolutionGuid = {69CAFA96-9C8D-4764-9023-CE1B94959D4E}
	EndGlobalSection
EndGlobal
